
Microsoft Visual Studio Solution File, Format Version 12.00
# Visual Studio Version 17
VisualStudioVersion = 17.3.32922.545
MinimumVisualStudioVersion = 10.0.40219.1
Project("{9A19103F-16F7-4668-BE54-9A1E7A4F7556}") = "Lab1Sadik", "Lab1Ssadik\Lab1Sadik.csproj", "{D087D6E5-E183-4676-8727-9F24C67E9AF2}"
EndProject
Global
	GlobalSection(SolutionConfigurationPlatforms) = preSolution
		Debug|Any CPU = Debug|Any CPU
		Release|Any CPU = Release|Any CPU
	EndGlobalSection
	GlobalSection(ProjectConfigurationPlatforms) = postSolution
		{D087D6E5-E183-4676-8727-9F24C67E9AF2}.Debug|Any CPU.ActiveCfg = Debug|Any CPU
		{D087D6E5-E183-4676-8727-9F24C67E9AF2}.Debug|Any CPU.Build.0 = Debug|Any CPU
		{D087D6E5-E183-4676-8727-9F24C67E9AF2}.Release|Any CPU.ActiveCfg = Release|Any CPU
		{D087D6E5-E183-4676-8727-9F24C67E9AF2}.Release|Any CPU.Build.0 = Release|Any CPU
	EndGlobalSection
	GlobalSection(SolutionProperties) = preSolution
		HideSolutionNode = FALSE
	EndGlobalSection
	GlobalSection(ExtensibilityGlobals) = postSolution
		SolutionGuid = {6970C4F3-D097-4812-AD73-9882889D9532}
	EndGlobalSection
EndGlobal
